
Microsoft Visual Studio Solution File, Format Version 12.00
# Visual Studio Version 17
VisualStudioVersion = 17.7.34221.43
MinimumVisualStudioVersion = 10.0.40219.1
Project("{9A19103F-16F7-4668-BE54-9A1E7A4F7556}") = "MultiFileFormatter", "MultiFileFormatter\MultiFileFormatter.csproj", "{B0F8C5A1-E14F-4DD6-95DC-7C7AC4EDA81D}"
EndProject
Project("{FAE04EC0-301F-11D3-BF4B-00C04F79EFBC}") = "MultiFileFormatterUnitTest", "MultiFileFormatterUnitTest\MultiFileFormatterUnitTest.csproj", "{5EEB95AE-87A4-471A-A9FD-6764F6EE0992}"
EndProject
Global
	GlobalSection(SolutionConfigurationPlatforms) = preSolution
		Debug|Any CPU = Debug|Any CPU
		Release|Any CPU = Release|Any CPU
	EndGlobalSection
	GlobalSection(ProjectConfigurationPlatforms) = postSolution
		{B0F8C5A1-E14F-4DD6-95DC-7C7AC4EDA81D}.Debug|Any CPU.ActiveCfg = Debug|Any CPU
		{B0F8C5A1-E14F-4DD6-95DC-7C7AC4EDA81D}.Debug|Any CPU.Build.0 = Debug|Any CPU
		{B0F8C5A1-E14F-4DD6-95DC-7C7AC4EDA81D}.Release|Any CPU.ActiveCfg = Release|Any CPU
		{B0F8C5A1-E14F-4DD6-95DC-7C7AC4EDA81D}.Release|Any CPU.Build.0 = Release|Any CPU
		{5EEB95AE-87A4-471A-A9FD-6764F6EE0992}.Debug|Any CPU.ActiveCfg = Debug|Any CPU
		{5EEB95AE-87A4-471A-A9FD-6764F6EE0992}.Debug|Any CPU.Build.0 = Debug|Any CPU
		{5EEB95AE-87A4-471A-A9FD-6764F6EE0992}.Release|Any CPU.ActiveCfg = Release|Any CPU
		{5EEB95AE-87A4-471A-A9FD-6764F6EE0992}.Release|Any CPU.Build.0 = Release|Any CPU
	EndGlobalSection
	GlobalSection(SolutionProperties) = preSolution
		HideSolutionNode = FALSE
	EndGlobalSection
	GlobalSection(ExtensibilityGlobals) = postSolution
		SolutionGuid = {1E629EFA-7E90-4BA7-AF0A-54D62F281CE2}
	EndGlobalSection
EndGlobal
