
Microsoft Visual Studio Solution File, Format Version 12.00
# Visual Studio Version 17
VisualStudioVersion = 17.3.32929.385
MinimumVisualStudioVersion = 10.0.40219.1
Project("{9A19103F-16F7-4668-BE54-9A1E7A4F7556}") = "DU 3", "DU 2.2\DU 3.csproj", "{57D943C6-B979-4597-A959-12298F87FA47}"
EndProject
Project("{9A19103F-16F7-4668-BE54-9A1E7A4F7556}") = "DU3_xUnit", "DU2.2_xUnit\DU3_xUnit.csproj", "{69EFE763-08DD-46F2-BB3D-5A5FD463CAF2}"
EndProject
Global
	GlobalSection(SolutionConfigurationPlatforms) = preSolution
		Debug|Any CPU = Debug|Any CPU
		Release|Any CPU = Release|Any CPU
	EndGlobalSection
	GlobalSection(ProjectConfigurationPlatforms) = postSolution
		{57D943C6-B979-4597-A959-12298F87FA47}.Debug|Any CPU.ActiveCfg = Debug|Any CPU
		{57D943C6-B979-4597-A959-12298F87FA47}.Debug|Any CPU.Build.0 = Debug|Any CPU
		{57D943C6-B979-4597-A959-12298F87FA47}.Release|Any CPU.ActiveCfg = Release|Any CPU
		{57D943C6-B979-4597-A959-12298F87FA47}.Release|Any CPU.Build.0 = Release|Any CPU
		{69EFE763-08DD-46F2-BB3D-5A5FD463CAF2}.Debug|Any CPU.ActiveCfg = Debug|Any CPU
		{69EFE763-08DD-46F2-BB3D-5A5FD463CAF2}.Debug|Any CPU.Build.0 = Debug|Any CPU
		{69EFE763-08DD-46F2-BB3D-5A5FD463CAF2}.Release|Any CPU.ActiveCfg = Release|Any CPU
		{69EFE763-08DD-46F2-BB3D-5A5FD463CAF2}.Release|Any CPU.Build.0 = Release|Any CPU
	EndGlobalSection
	GlobalSection(SolutionProperties) = preSolution
		HideSolutionNode = FALSE
	EndGlobalSection
	GlobalSection(ExtensibilityGlobals) = postSolution
		SolutionGuid = {82BEE7A8-3C7D-445B-9C66-7A73901EDA22}
	EndGlobalSection
EndGlobal
