
Microsoft Visual Studio Solution File, Format Version 12.00
# Visual Studio Version 17
VisualStudioVersion = 17.7.34221.43
MinimumVisualStudioVersion = 10.0.40219.1
Project("{FAE04EC0-301F-11D3-BF4B-00C04F79EFBC}") = "ZapoctovvTest", "ZapoctovvTest\ZapoctovvTest.csproj", "{4C1340A1-6AB8-4CDC-9BDB-61A54A8F49EB}"
EndProject
Project("{FAE04EC0-301F-11D3-BF4B-00C04F79EFBC}") = "TestProject1", "TestProject1\TestProject1.csproj", "{68F2FB28-293E-4101-AA51-FAF3EBEB84B6}"
EndProject
Global
	GlobalSection(SolutionConfigurationPlatforms) = preSolution
		Debug|Any CPU = Debug|Any CPU
		Release|Any CPU = Release|Any CPU
	EndGlobalSection
	GlobalSection(ProjectConfigurationPlatforms) = postSolution
		{4C1340A1-6AB8-4CDC-9BDB-61A54A8F49EB}.Debug|Any CPU.ActiveCfg = Debug|Any CPU
		{4C1340A1-6AB8-4CDC-9BDB-61A54A8F49EB}.Debug|Any CPU.Build.0 = Debug|Any CPU
		{4C1340A1-6AB8-4CDC-9BDB-61A54A8F49EB}.Release|Any CPU.ActiveCfg = Release|Any CPU
		{4C1340A1-6AB8-4CDC-9BDB-61A54A8F49EB}.Release|Any CPU.Build.0 = Release|Any CPU
		{68F2FB28-293E-4101-AA51-FAF3EBEB84B6}.Debug|Any CPU.ActiveCfg = Debug|Any CPU
		{68F2FB28-293E-4101-AA51-FAF3EBEB84B6}.Debug|Any CPU.Build.0 = Debug|Any CPU
		{68F2FB28-293E-4101-AA51-FAF3EBEB84B6}.Release|Any CPU.ActiveCfg = Release|Any CPU
		{68F2FB28-293E-4101-AA51-FAF3EBEB84B6}.Release|Any CPU.Build.0 = Release|Any CPU
	EndGlobalSection
	GlobalSection(SolutionProperties) = preSolution
		HideSolutionNode = FALSE
	EndGlobalSection
	GlobalSection(ExtensibilityGlobals) = postSolution
		SolutionGuid = {E19B9132-59C9-41CF-880C-2EA22065520F}
	EndGlobalSection
EndGlobal
